// !$*UTF8*$!
{
	archiveVersion = 1;
	classes = {
	};
	objectVersion = 56;
	objects = {

/* Begin PBXBuildFile section */
		86971344297AF2990008C8D7 /* AppDelegate.swift in Sources */ = {isa = PBXBuildFile; fileRef = 86971343297AF2990008C8D7 /* AppDelegate.swift */; };
		86971346297AF2990008C8D7 /* SceneDelegate.swift in Sources */ = {isa = PBXBuildFile; fileRef = 86971345297AF2990008C8D7 /* SceneDelegate.swift */; };
		86971348297AF2990008C8D7 /* LoginViewController.swift in Sources */ = {isa = PBXBuildFile; fileRef = 86971347297AF2990008C8D7 /* LoginViewController.swift */; };
		8697134B297AF2990008C8D7 /* Main.storyboard in Resources */ = {isa = PBXBuildFile; fileRef = 86971349297AF2990008C8D7 /* Main.storyboard */; };
		8697134D297AF29A0008C8D7 /* Assets.xcassets in Resources */ = {isa = PBXBuildFile; fileRef = 8697134C297AF29A0008C8D7 /* Assets.xcassets */; };
		86971350297AF29A0008C8D7 /* LaunchScreen.storyboard in Resources */ = {isa = PBXBuildFile; fileRef = 8697134E297AF29A0008C8D7 /* LaunchScreen.storyboard */; };
		86971358297AF4CE0008C8D7 /* Actor.swift in Sources */ = {isa = PBXBuildFile; fileRef = 86971357297AF4CE0008C8D7 /* Actor.swift */; };
		8697135A297AF5420008C8D7 /* NetworkManager.swift in Sources */ = {isa = PBXBuildFile; fileRef = 86971359297AF5420008C8D7 /* NetworkManager.swift */; };
		8697135C297AF94F0008C8D7 /* ActorsListViewController.swift in Sources */ = {isa = PBXBuildFile; fileRef = 8697135B297AF94F0008C8D7 /* ActorsListViewController.swift */; };
		8697135E297B05820008C8D7 /* ActorDetailViewController.swift in Sources */ = {isa = PBXBuildFile; fileRef = 8697135D297B05820008C8D7 /* ActorDetailViewController.swift */; };
		86E30819297DCA4400D7EEC3 /* ActorCell.swift in Sources */ = {isa = PBXBuildFile; fileRef = 86E30818297DCA4400D7EEC3 /* ActorCell.swift */; };
		86E3081B297EA71C00D7EEC3 /* User.swift in Sources */ = {isa = PBXBuildFile; fileRef = 86E3081A297EA71C00D7EEC3 /* User.swift */; };
		86F01C50297EADC6003765B9 /* UserSettings.swift in Sources */ = {isa = PBXBuildFile; fileRef = 86F01C4F297EADC6003765B9 /* UserSettings.swift */; };
/* End PBXBuildFile section */

/* Begin PBXFileReference section */
		86971340297AF2990008C8D7 /* ActorsList.app */ = {isa = PBXFileReference; explicitFileType = wrapper.application; includeInIndex = 0; path = ActorsList.app; sourceTree = BUILT_PRODUCTS_DIR; };
		86971343297AF2990008C8D7 /* AppDelegate.swift */ = {isa = PBXFileReference; lastKnownFileType = sourcecode.swift; path = AppDelegate.swift; sourceTree = "<group>"; };
		86971345297AF2990008C8D7 /* SceneDelegate.swift */ = {isa = PBXFileReference; lastKnownFileType = sourcecode.swift; path = SceneDelegate.swift; sourceTree = "<group>"; };
		86971347297AF2990008C8D7 /* LoginViewController.swift */ = {isa = PBXFileReference; lastKnownFileType = sourcecode.swift; path = LoginViewController.swift; sourceTree = "<group>"; };
		8697134A297AF2990008C8D7 /* Base */ = {isa = PBXFileReference; lastKnownFileType = file.storyboard; name = Base; path = Base.lproj/Main.storyboard; sourceTree = "<group>"; };
		8697134C297AF29A0008C8D7 /* Assets.xcassets */ = {isa = PBXFileReference; lastKnownFileType = folder.assetcatalog; path = Assets.xcassets; sourceTree = "<group>"; };
		8697134F297AF29A0008C8D7 /* Base */ = {isa = PBXFileReference; lastKnownFileType = file.storyboard; name = Base; path = Base.lproj/LaunchScreen.storyboard; sourceTree = "<group>"; };
		86971351297AF29A0008C8D7 /* Info.plist */ = {isa = PBXFileReference; lastKnownFileType = text.plist.xml; path = Info.plist; sourceTree = "<group>"; };
		86971357297AF4CE0008C8D7 /* Actor.swift */ = {isa = PBXFileReference; lastKnownFileType = sourcecode.swift; path = Actor.swift; sourceTree = "<group>"; };
		86971359297AF5420008C8D7 /* NetworkManager.swift */ = {isa = PBXFileReference; lastKnownFileType = sourcecode.swift; path = NetworkManager.swift; sourceTree = "<group>"; };
		8697135B297AF94F0008C8D7 /* ActorsListViewController.swift */ = {isa = PBXFileReference; lastKnownFileType = sourcecode.swift; path = ActorsListViewController.swift; sourceTree = "<group>"; };
		8697135D297B05820008C8D7 /* ActorDetailViewController.swift */ = {isa = PBXFileReference; lastKnownFileType = sourcecode.swift; path = ActorDetailViewController.swift; sourceTree = "<group>"; };
		86E30818297DCA4400D7EEC3 /* ActorCell.swift */ = {isa = PBXFileReference; lastKnownFileType = sourcecode.swift; path = ActorCell.swift; sourceTree = "<group>"; };
		86E3081A297EA71C00D7EEC3 /* User.swift */ = {isa = PBXFileReference; lastKnownFileType = sourcecode.swift; path = User.swift; sourceTree = "<group>"; };
		86F01C4F297EADC6003765B9 /* UserSettings.swift */ = {isa = PBXFileReference; lastKnownFileType = sourcecode.swift; path = UserSettings.swift; sourceTree = "<group>"; };
/* End PBXFileReference section */

/* Begin PBXFrameworksBuildPhase section */
		8697133D297AF2990008C8D7 /* Frameworks */ = {
			isa = PBXFrameworksBuildPhase;
			buildActionMask = 2147483647;
			files = (
			);
			runOnlyForDeploymentPostprocessing = 0;
		};
/* End PBXFrameworksBuildPhase section */

/* Begin PBXGroup section */
		860173D1297C473500D7D49E /* ViewControllers */ = {
			isa = PBXGroup;
			children = (
				86E30818297DCA4400D7EEC3 /* ActorCell.swift */,
				86971347297AF2990008C8D7 /* LoginViewController.swift */,
				8697135B297AF94F0008C8D7 /* ActorsListViewController.swift */,
				8697135D297B05820008C8D7 /* ActorDetailViewController.swift */,
			);
			path = ViewControllers;
			sourceTree = "<group>";
		};
		860173D2297C475800D7D49E /* Models */ = {
			isa = PBXGroup;
			children = (
				86971357297AF4CE0008C8D7 /* Actor.swift */,
				86E3081A297EA71C00D7EEC3 /* User.swift */,
			);
			path = Models;
			sourceTree = "<group>";
		};
		860173D3297C476900D7D49E /* Storyboards */ = {
			isa = PBXGroup;
			children = (
				86971349297AF2990008C8D7 /* Main.storyboard */,
				8697134E297AF29A0008C8D7 /* LaunchScreen.storyboard */,
			);
			path = Storyboards;
			sourceTree = "<group>";
		};
		860173D4297C479400D7D49E /* Resources */ = {
			isa = PBXGroup;
			children = (
				8697134C297AF29A0008C8D7 /* Assets.xcassets */,
			);
			path = Resources;
			sourceTree = "<group>";
		};
		860173D5297C47B300D7D49E /* App */ = {
			isa = PBXGroup;
			children = (
				86971343297AF2990008C8D7 /* AppDelegate.swift */,
				86971345297AF2990008C8D7 /* SceneDelegate.swift */,
				86971351297AF29A0008C8D7 /* Info.plist */,
			);
			path = App;
			sourceTree = "<group>";
		};
		860173D6297C47F800D7D49E /* Services */ = {
			isa = PBXGroup;
			children = (
				86F01C4F297EADC6003765B9 /* UserSettings.swift */,
				86971359297AF5420008C8D7 /* NetworkManager.swift */,
			);
			path = Services;
			sourceTree = "<group>";
		};
		86971337297AF2990008C8D7 = {
			isa = PBXGroup;
			children = (
				86971342297AF2990008C8D7 /* ActorsList */,
				86971341297AF2990008C8D7 /* Products */,
			);
			sourceTree = "<group>";
		};
		86971341297AF2990008C8D7 /* Products */ = {
			isa = PBXGroup;
			children = (
				86971340297AF2990008C8D7 /* ActorsList.app */,
			);
			name = Products;
			sourceTree = "<group>";
		};
		86971342297AF2990008C8D7 /* ActorsList */ = {
			isa = PBXGroup;
			children = (
				860173D1297C473500D7D49E /* ViewControllers */,
				860173D6297C47F800D7D49E /* Services */,
				860173D2297C475800D7D49E /* Models */,
				860173D3297C476900D7D49E /* Storyboards */,
				860173D5297C47B300D7D49E /* App */,
				860173D4297C479400D7D49E /* Resources */,
			);
			path = ActorsList;
			sourceTree = "<group>";
		};
/* End PBXGroup section */

/* Begin PBXNativeTarget section */
		8697133F297AF2990008C8D7 /* ActorsList */ = {
			isa = PBXNativeTarget;
			buildConfigurationList = 86971354297AF29A0008C8D7 /* Build configuration list for PBXNativeTarget "ActorsList" */;
			buildPhases = (
				8697133C297AF2990008C8D7 /* Sources */,
				8697133D297AF2990008C8D7 /* Frameworks */,
				8697133E297AF2990008C8D7 /* Resources */,
			);
			buildRules = (
			);
			dependencies = (
			);
			name = ActorsList;
			productName = 44444;
			productReference = 86971340297AF2990008C8D7 /* ActorsList.app */;
			productType = "com.apple.product-type.application";
		};
/* End PBXNativeTarget section */

/* Begin PBXProject section */
		86971338297AF2990008C8D7 /* Project object */ = {
			isa = PBXProject;
			attributes = {
				BuildIndependentTargetsInParallel = 1;
				LastSwiftUpdateCheck = 1420;
				LastUpgradeCheck = 1420;
				TargetAttributes = {
					8697133F297AF2990008C8D7 = {
						CreatedOnToolsVersion = 14.2;
					};
				};
			};
			buildConfigurationList = 8697133B297AF2990008C8D7 /* Build configuration list for PBXProject "ActorsList" */;
			compatibilityVersion = "Xcode 14.0";
			developmentRegion = en;
			hasScannedForEncodings = 0;
			knownRegions = (
				en,
				Base,
			);
			mainGroup = 86971337297AF2990008C8D7;
			productRefGroup = 86971341297AF2990008C8D7 /* Products */;
			projectDirPath = "";
			projectRoot = "";
			targets = (
				8697133F297AF2990008C8D7 /* ActorsList */,
			);
		};
/* End PBXProject section */

/* Begin PBXResourcesBuildPhase section */
		8697133E297AF2990008C8D7 /* Resources */ = {
			isa = PBXResourcesBuildPhase;
			buildActionMask = 2147483647;
			files = (
				86971350297AF29A0008C8D7 /* LaunchScreen.storyboard in Resources */,
				8697134D297AF29A0008C8D7 /* Assets.xcassets in Resources */,
				8697134B297AF2990008C8D7 /* Main.storyboard in Resources */,
			);
			runOnlyForDeploymentPostprocessing = 0;
		};
/* End PBXResourcesBuildPhase section */

/* Begin PBXSourcesBuildPhase section */
		8697133C297AF2990008C8D7 /* Sources */ = {
			isa = PBXSourcesBuildPhase;
			buildActionMask = 2147483647;
			files = (
				8697135E297B05820008C8D7 /* ActorDetailViewController.swift in Sources */,
				8697135A297AF5420008C8D7 /* NetworkManager.swift in Sources */,
				86971348297AF2990008C8D7 /* LoginViewController.swift in Sources */,
				86F01C50297EADC6003765B9 /* UserSettings.swift in Sources */,
				86E30819297DCA4400D7EEC3 /* ActorCell.swift in Sources */,
				8697135C297AF94F0008C8D7 /* ActorsListViewController.swift in Sources */,
				86E3081B297EA71C00D7EEC3 /* User.swift in Sources */,
				86971344297AF2990008C8D7 /* AppDelegate.swift in Sources */,
				86971346297AF2990008C8D7 /* SceneDelegate.swift in Sources */,
				86971358297AF4CE0008C8D7 /* Actor.swift in Sources */,
			);
			runOnlyForDeploymentPostprocessing = 0;
		};
/* End PBXSourcesBuildPhase section */

/* Begin PBXVariantGroup section */
		86971349297AF2990008C8D7 /* Main.storyboard */ = {
			isa = PBXVariantGroup;
			children = (
				8697134A297AF2990008C8D7 /* Base */,
			);
			name = Main.storyboard;
			sourceTree = "<group>";
		};
		8697134E297AF29A0008C8D7 /* LaunchScreen.storyboard */ = {
			isa = PBXVariantGroup;
			children = (
				8697134F297AF29A0008C8D7 /* Base */,
			);
			name = LaunchScreen.storyboard;
			sourceTree = "<group>";
		};
/* End PBXVariantGroup section */

/* Begin XCBuildConfiguration section */
		86971352297AF29A0008C8D7 /* Debug */ = {
			isa = XCBuildConfiguration;
			buildSettings = {
				ALWAYS_SEARCH_USER_PATHS = NO;
				CLANG_ANALYZER_NONNULL = YES;
				CLANG_ANALYZER_NUMBER_OBJECT_CONVERSION = YES_AGGRESSIVE;
				CLANG_CXX_LANGUAGE_STANDARD = "gnu++20";
				CLANG_ENABLE_MODULES = YES;
				CLANG_ENABLE_OBJC_ARC = YES;
				CLANG_ENABLE_OBJC_WEAK = YES;
				CLANG_WARN_BLOCK_CAPTURE_AUTORELEASING = YES;
				CLANG_WARN_BOOL_CONVERSION = YES;
				CLANG_WARN_COMMA = YES;
				CLANG_WARN_CONSTANT_CONVERSION = YES;
				CLANG_WARN_DEPRECATED_OBJC_IMPLEMENTATIONS = YES;
				CLANG_WARN_DIRECT_OBJC_ISA_USAGE = YES_ERROR;
				CLANG_WARN_DOCUMENTATION_COMMENTS = YES;
				CLANG_WARN_EMPTY_BODY = YES;
				CLANG_WARN_ENUM_CONVERSION = YES;
				CLANG_WARN_INFINITE_RECURSION = YES;
				CLANG_WARN_INT_CONVERSION = YES;
				CLANG_WARN_NON_LITERAL_NULL_CONVERSION = YES;
				CLANG_WARN_OBJC_IMPLICIT_RETAIN_SELF = YES;
				CLANG_WARN_OBJC_LITERAL_CONVERSION = YES;
				CLANG_WARN_OBJC_ROOT_CLASS = YES_ERROR;
				CLANG_WARN_QUOTED_INCLUDE_IN_FRAMEWORK_HEADER = YES;
				CLANG_WARN_RANGE_LOOP_ANALYSIS = YES;
				CLANG_WARN_STRICT_PROTOTYPES = YES;
				CLANG_WARN_SUSPICIOUS_MOVE = YES;
				CLANG_WARN_UNGUARDED_AVAILABILITY = YES_AGGRESSIVE;
				CLANG_WARN_UNREACHABLE_CODE = YES;
				CLANG_WARN__DUPLICATE_METHOD_MATCH = YES;
				COPY_PHASE_STRIP = NO;
				DEBUG_INFORMATION_FORMAT = dwarf;
				ENABLE_STRICT_OBJC_MSGSEND = YES;
				ENABLE_TESTABILITY = YES;
				GCC_C_LANGUAGE_STANDARD = gnu11;
				GCC_DYNAMIC_NO_PIC = NO;
				GCC_NO_COMMON_BLOCKS = YES;
				GCC_OPTIMIZATION_LEVEL = 0;
				GCC_PREPROCESSOR_DEFINITIONS = (
					"DEBUG=1",
					"$(inherited)",
				);
				GCC_WARN_64_TO_32_BIT_CONVERSION = YES;
				GCC_WARN_ABOUT_RETURN_TYPE = YES_ERROR;
				GCC_WARN_UNDECLARED_SELECTOR = YES;
				GCC_WARN_UNINITIALIZED_AUTOS = YES_AGGRESSIVE;
				GCC_WARN_UNUSED_FUNCTION = YES;
				GCC_WARN_UNUSED_VARIABLE = YES;
				IPHONEOS_DEPLOYMENT_TARGET = 16.2;
				MTL_ENABLE_DEBUG_INFO = INCLUDE_SOURCE;
				MTL_FAST_MATH = YES;
				ONLY_ACTIVE_ARCH = YES;
				SDKROOT = iphoneos;
				SWIFT_ACTIVE_COMPILATION_CONDITIONS = DEBUG;
				SWIFT_OPTIMIZATION_LEVEL = "-Onone";
			};
			name = Debug;
		};
		86971353297AF29A0008C8D7 /* Release */ = {
			isa = XCBuildConfiguration;
			buildSettings = {
				ALWAYS_SEARCH_USER_PATHS = NO;
				CLANG_ANALYZER_NONNULL = YES;
				CLANG_ANALYZER_NUMBER_OBJECT_CONVERSION = YES_AGGRESSIVE;
				CLANG_CXX_LANGUAGE_STANDARD = "gnu++20";
				CLANG_ENABLE_MODULES = YES;
				CLANG_ENABLE_OBJC_ARC = YES;
				CLANG_ENABLE_OBJC_WEAK = YES;
				CLANG_WARN_BLOCK_CAPTURE_AUTORELEASING = YES;
				CLANG_WARN_BOOL_CONVERSION = YES;
				CLANG_WARN_COMMA = YES;
				CLANG_WARN_CONSTANT_CONVERSION = YES;
				CLANG_WARN_DEPRECATED_OBJC_IMPLEMENTATIONS = YES;
				CLANG_WARN_DIRECT_OBJC_ISA_USAGE = YES_ERROR;
				CLANG_WARN_DOCUMENTATION_COMMENTS = YES;
				CLANG_WARN_EMPTY_BODY = YES;
				CLANG_WARN_ENUM_CONVERSION = YES;
				CLANG_WARN_INFINITE_RECURSION = YES;
				CLANG_WARN_INT_CONVERSION = YES;
				CLANG_WARN_NON_LITERAL_NULL_CONVERSION = YES;
				CLANG_WARN_OBJC_IMPLICIT_RETAIN_SELF = YES;
				CLANG_WARN_OBJC_LITERAL_CONVERSION = YES;
				CLANG_WARN_OBJC_ROOT_CLASS = YES_ERROR;
				CLANG_WARN_QUOTED_INCLUDE_IN_FRAMEWORK_HEADER = YES;
				CLANG_WARN_RANGE_LOOP_ANALYSIS = YES;
				CLANG_WARN_STRICT_PROTOTYPES = YES;
				CLANG_WARN_SUSPICIOUS_MOVE = YES;
				CLANG_WARN_UNGUARDED_AVAILABILITY = YES_AGGRESSIVE;
				CLANG_WARN_UNREACHABLE_CODE = YES;
				CLANG_WARN__DUPLICATE_METHOD_MATCH = YES;
				COPY_PHASE_STRIP = NO;
				DEBUG_INFORMATION_FORMAT = "dwarf-with-dsym";
				ENABLE_NS_ASSERTIONS = NO;
				ENABLE_STRICT_OBJC_MSGSEND = YES;
				GCC_C_LANGUAGE_STANDARD = gnu11;
				GCC_NO_COMMON_BLOCKS = YES;
				GCC_WARN_64_TO_32_BIT_CONVERSION = YES;
				GCC_WARN_ABOUT_RETURN_TYPE = YES_ERROR;
				GCC_WARN_UNDECLARED_SELECTOR = YES;
				GCC_WARN_UNINITIALIZED_AUTOS = YES_AGGRESSIVE;
				GCC_WARN_UNUSED_FUNCTION = YES;
				GCC_WARN_UNUSED_VARIABLE = YES;
				IPHONEOS_DEPLOYMENT_TARGET = 16.2;
				MTL_ENABLE_DEBUG_INFO = NO;
				MTL_FAST_MATH = YES;
				SDKROOT = iphoneos;
				SWIFT_COMPILATION_MODE = wholemodule;
				SWIFT_OPTIMIZATION_LEVEL = "-O";
				VALIDATE_PRODUCT = YES;
			};
			name = Release;
		};
		86971355297AF29A0008C8D7 /* Debug */ = {
			isa = XCBuildConfiguration;
			buildSettings = {
				ASSETCATALOG_COMPILER_APPICON_NAME = AppIcon;
				ASSETCATALOG_COMPILER_GLOBAL_ACCENT_COLOR_NAME = AccentColor;
				CODE_SIGN_STYLE = Automatic;
				CURRENT_PROJECT_VERSION = 1;
				DEVELOPMENT_TEAM = RB4GHHSS4P;
				GENERATE_INFOPLIST_FILE = YES;
				INFOPLIST_FILE = ActorsList/App/Info.plist;
				INFOPLIST_KEY_CFBundleDisplayName = ActorsList;
				INFOPLIST_KEY_UIApplicationSupportsIndirectInputEvents = YES;
				INFOPLIST_KEY_UILaunchStoryboardName = LaunchScreen;
				INFOPLIST_KEY_UIMainStoryboardFile = Main;
				INFOPLIST_KEY_UISupportedInterfaceOrientations_iPad = "UIInterfaceOrientationPortrait UIInterfaceOrientationPortraitUpsideDown UIInterfaceOrientationLandscapeLeft UIInterfaceOrientationLandscapeRight";
				INFOPLIST_KEY_UISupportedInterfaceOrientations_iPhone = "UIInterfaceOrientationPortrait UIInterfaceOrientationLandscapeLeft UIInterfaceOrientationLandscapeRight";
				LD_RUNPATH_SEARCH_PATHS = (
					"$(inherited)",
					"@executable_path/Frameworks",
				);
				MARKETING_VERSION = 1.0;
				PRODUCT_BUNDLE_IDENTIFIER = "DenysIlnytskyi.-4444";
				PRODUCT_NAME = "$(TARGET_NAME)";
				SUPPORTED_PLATFORMS = "iphoneos iphonesimulator";
				SUPPORTS_MACCATALYST = NO;
				SUPPORTS_MAC_DESIGNED_FOR_IPHONE_IPAD = NO;
				SWIFT_EMIT_LOC_STRINGS = YES;
				SWIFT_VERSION = 5.0;
				TARGETED_DEVICE_FAMILY = 1;
			};
			name = Debug;
		};
		86971356297AF29A0008C8D7 /* Release */ = {
			isa = XCBuildConfiguration;
			buildSettings = {
				ASSETCATALOG_COMPILER_APPICON_NAME = AppIcon;
				ASSETCATALOG_COMPILER_GLOBAL_ACCENT_COLOR_NAME = AccentColor;
				CODE_SIGN_STYLE = Automatic;
				CURRENT_PROJECT_VERSION = 1;
				DEVELOPMENT_TEAM = RB4GHHSS4P;
				GENERATE_INFOPLIST_FILE = YES;
				INFOPLIST_FILE = ActorsList/App/Info.plist;
				INFOPLIST_KEY_CFBundleDisplayName = ActorsList;
				INFOPLIST_KEY_UIApplicationSupportsIndirectInputEvents = YES;
				INFOPLIST_KEY_UILaunchStoryboardName = LaunchScreen;
				INFOPLIST_KEY_UIMainStoryboardFile = Main;
				INFOPLIST_KEY_UISupportedInterfaceOrientations_iPad = "UIInterfaceOrientationPortrait UIInterfaceOrientationPortraitUpsideDown UIInterfaceOrientationLandscapeLeft UIInterfaceOrientationLandscapeRight";
				INFOPLIST_KEY_UISupportedInterfaceOrientations_iPhone = "UIInterfaceOrientationPortrait UIInterfaceOrientationLandscapeLeft UIInterfaceOrientationLandscapeRight";
				LD_RUNPATH_SEARCH_PATHS = (
					"$(inherited)",
					"@executable_path/Frameworks",
				);
				MARKETING_VERSION = 1.0;
				PRODUCT_BUNDLE_IDENTIFIER = "DenysIlnytskyi.-4444";
				PRODUCT_NAME = "$(TARGET_NAME)";
				SUPPORTED_PLATFORMS = "iphoneos iphonesimulator";
				SUPPORTS_MACCATALYST = NO;
				SUPPORTS_MAC_DESIGNED_FOR_IPHONE_IPAD = NO;
				SWIFT_EMIT_LOC_STRINGS = YES;
				SWIFT_VERSION = 5.0;
				TARGETED_DEVICE_FAMILY = 1;
			};
			name = Release;
		};
/* End XCBuildConfiguration section */

/* Begin XCConfigurationList section */
		8697133B297AF2990008C8D7 /* Build configuration list for PBXProject "ActorsList" */ = {
			isa = XCConfigurationList;
			buildConfigurations = (
				86971352297AF29A0008C8D7 /* Debug */,
				86971353297AF29A0008C8D7 /* Release */,
			);
			defaultConfigurationIsVisible = 0;
			defaultConfigurationName = Release;
		};
		86971354297AF29A0008C8D7 /* Build configuration list for PBXNativeTarget "ActorsList" */ = {
			isa = XCConfigurationList;
			buildConfigurations = (
				86971355297AF29A0008C8D7 /* Debug */,
				86971356297AF29A0008C8D7 /* Release */,
			);
			defaultConfigurationIsVisible = 0;
			defaultConfigurationName = Release;
		};
/* End XCConfigurationList section */
	};
	rootObject = 86971338297AF2990008C8D7 /* Project object */;
}
